Microsoft Visual Studio Solution File, Format Version 11.00
# Visual Studio 2008

Project("{5EEE56BD-3F15-4A3A-3BE9-7D6677EF6802}") = "himat0909-master", "Assembly-CSharp-firstpass.csproj", "{8D43EEAC-934D-0684-B465-9D0EDF91FDA2}"
EndProject
Project("{5EEE56BD-3F15-4A3A-3BE9-7D6677EF6802}") = "himat0909-master", "Assembly-CSharp.csproj", "{C9CE29E1-8F22-0CD1-8A14-7F080C76948B}"
EndProject
Global
	GlobalSection(SolutionConfigurationPlatforms) = preSolution
		Debug|Any CPU = Debug|Any CPU
		Release|Any CPU = Release|Any CPU
	EndGlobalSection
	GlobalSection(ProjectConfigurationPlatforms) = postSolution
		{8D43EEAC-934D-0684-B465-9D0EDF91FDA2}.Debug|Any CPU.ActiveCfg = Debug|Any CPU
		{8D43EEAC-934D-0684-B465-9D0EDF91FDA2}.Debug|Any CPU.Build.0 = Debug|Any CPU
		{8D43EEAC-934D-0684-B465-9D0EDF91FDA2}.Release|Any CPU.ActiveCfg = Release|Any CPU
		{8D43EEAC-934D-0684-B465-9D0EDF91FDA2}.Release|Any CPU.Build.0 = Release|Any CPU
		{C9CE29E1-8F22-0CD1-8A14-7F080C76948B}.Debug|Any CPU.ActiveCfg = Debug|Any CPU
		{C9CE29E1-8F22-0CD1-8A14-7F080C76948B}.Debug|Any CPU.Build.0 = Debug|Any CPU
		{C9CE29E1-8F22-0CD1-8A14-7F080C76948B}.Release|Any CPU.ActiveCfg = Release|Any CPU
		{C9CE29E1-8F22-0CD1-8A14-7F080C76948B}.Release|Any CPU.Build.0 = Release|Any CPU
	EndGlobalSection
	GlobalSection(SolutionProperties) = preSolution
		HideSolutionNode = FALSE
	EndGlobalSection
	GlobalSection(MonoDevelopProperties) = preSolution
		StartupItem = Assembly-CSharp.csproj
	EndGlobalSection
EndGlobal
